
Microsoft Visual Studio Solution File, Format Version 12.00
# Visual Studio 15
VisualStudioVersion = 15.0.26730.12
MinimumVisualStudioVersion = 10.0.40219.1
Project("{2150E333-8FDC-42A3-9474-1A3956D46DE8}") = "src", "src", "{052C14C7-7C86-4570-A018-3D8465A53125}"
EndProject
Project("{2150E333-8FDC-42A3-9474-1A3956D46DE8}") = "build", "build", "{329F7693-C8A1-4649-9117-1F90F7B1B56A}"
	ProjectSection(SolutionItems) = preProject
		build\common.props = build\common.props
		build\sourcelink.props = build\sourcelink.props
	EndProjectSection
EndProject
Project("{9A19103F-16F7-4668-BE54-9A1E7A4F7556}") = "prayzzz.Common", "src\prayzzz.Common\prayzzz.Common.csproj", "{02DC310F-A588-4A80-A082-5742261BADB7}"
EndProject
Project("{9A19103F-16F7-4668-BE54-9A1E7A4F7556}") = "prayzzz.Common.Mvc", "src\prayzzz.Common.Mvc\prayzzz.Common.Mvc.csproj", "{9CDD8178-D695-44A7-B842-AE546450DBC8}"
EndProject
Project("{2150E333-8FDC-42A3-9474-1A3956D46DE8}") = "test", "test", "{C229EDED-269F-4E39-B713-8612F9CDEF95}"
EndProject
Project("{9A19103F-16F7-4668-BE54-9A1E7A4F7556}") = "prayzzz.Common.Test", "test\prayzzz.Common.Test\prayzzz.Common.Test.csproj", "{4E71F851-4D0D-47CB-A780-7D3C8FC88653}"
EndProject
Project("{9A19103F-16F7-4668-BE54-9A1E7A4F7556}") = "prayzzz.Common.Unit", "src\prayzzz.Common.Unit\prayzzz.Common.Unit.csproj", "{50A045B9-222A-4FF9-A6FB-32B8798C7EF2}"
EndProject
Project("{FAE04EC0-301F-11D3-BF4B-00C04F79EFBC}") = "prayzzz.Common.Mvc.AppMetrics", "src\prayzzz.Common.Mvc.AppMetrics\prayzzz.Common.Mvc.AppMetrics.csproj", "{58D64695-476B-4326-A1AC-236470D1078A}"
EndProject
Project("{2150E333-8FDC-42A3-9474-1A3956D46DE8}") = "sample", "sample", "{D7D8B6D9-A62E-4D13-804B-90B32618E51E}"
EndProject
Project("{FAE04EC0-301F-11D3-BF4B-00C04F79EFBC}") = "prayzzz.Common.Mvc.Sample", "sample\prayzzz.Common.Mvc.Sample\prayzzz.Common.Mvc.Sample.csproj", "{AD1F67BC-4927-4D56-8877-64A707B6FDFB}"
EndProject
Project("{FAE04EC0-301F-11D3-BF4B-00C04F79EFBC}") = "prayzzz.Common.Mvc.AppMetrics.Test", "test\prayzzz.Common.Mvc.AppMetrics.Test\prayzzz.Common.Mvc.AppMetrics.Test.csproj", "{8EBB1237-96A3-4A00-8254-165A7B298311}"
EndProject
Global
	GlobalSection(SolutionConfigurationPlatforms) = preSolution
		Debug|Any CPU = Debug|Any CPU
		Debug|x64 = Debug|x64
		Debug|x86 = Debug|x86
		Release|Any CPU = Release|Any CPU
		Release|x64 = Release|x64
		Release|x86 = Release|x86
	EndGlobalSection
	GlobalSection(ProjectConfigurationPlatforms) = postSolution
		{02DC310F-A588-4A80-A082-5742261BADB7}.Debug|Any CPU.ActiveCfg = Debug|Any CPU
		{02DC310F-A588-4A80-A082-5742261BADB7}.Debug|Any CPU.Build.0 = Debug|Any CPU
		{02DC310F-A588-4A80-A082-5742261BADB7}.Debug|x64.ActiveCfg = Debug|Any CPU
		{02DC310F-A588-4A80-A082-5742261BADB7}.Debug|x64.Build.0 = Debug|Any CPU
		{02DC310F-A588-4A80-A082-5742261BADB7}.Debug|x86.ActiveCfg = Debug|Any CPU
		{02DC310F-A588-4A80-A082-5742261BADB7}.Debug|x86.Build.0 = Debug|Any CPU
		{02DC310F-A588-4A80-A082-5742261BADB7}.Release|Any CPU.ActiveCfg = Release|Any CPU
		{02DC310F-A588-4A80-A082-5742261BADB7}.Release|Any CPU.Build.0 = Release|Any CPU
		{02DC310F-A588-4A80-A082-5742261BADB7}.Release|x64.ActiveCfg = Release|Any CPU
		{02DC310F-A588-4A80-A082-5742261BADB7}.Release|x64.Build.0 = Release|Any CPU
		{02DC310F-A588-4A80-A082-5742261BADB7}.Release|x86.ActiveCfg = Release|Any CPU
		{02DC310F-A588-4A80-A082-5742261BADB7}.Release|x86.Build.0 = Release|Any CPU
		{9CDD8178-D695-44A7-B842-AE546450DBC8}.Debug|Any CPU.ActiveCfg = Debug|Any CPU
		{9CDD8178-D695-44A7-B842-AE546450DBC8}.Debug|Any CPU.Build.0 = Debug|Any CPU
		{9CDD8178-D695-44A7-B842-AE546450DBC8}.Debug|x64.ActiveCfg = Debug|Any CPU
		{9CDD8178-D695-44A7-B842-AE546450DBC8}.Debug|x64.Build.0 = Debug|Any CPU
		{9CDD8178-D695-44A7-B842-AE546450DBC8}.Debug|x86.ActiveCfg = Debug|Any CPU
		{9CDD8178-D695-44A7-B842-AE546450DBC8}.Debug|x86.Build.0 = Debug|Any CPU
		{9CDD8178-D695-44A7-B842-AE546450DBC8}.Release|Any CPU.ActiveCfg = Release|Any CPU
		{9CDD8178-D695-44A7-B842-AE546450DBC8}.Release|Any CPU.Build.0 = Release|Any CPU
		{9CDD8178-D695-44A7-B842-AE546450DBC8}.Release|x64.ActiveCfg = Release|Any CPU
		{9CDD8178-D695-44A7-B842-AE546450DBC8}.Release|x64.Build.0 = Release|Any CPU
		{9CDD8178-D695-44A7-B842-AE546450DBC8}.Release|x86.ActiveCfg = Release|Any CPU
		{9CDD8178-D695-44A7-B842-AE546450DBC8}.Release|x86.Build.0 = Release|Any CPU
		{4E71F851-4D0D-47CB-A780-7D3C8FC88653}.Debug|Any CPU.ActiveCfg = Debug|Any CPU
		{4E71F851-4D0D-47CB-A780-7D3C8FC88653}.Debug|Any CPU.Build.0 = Debug|Any CPU
		{4E71F851-4D0D-47CB-A780-7D3C8FC88653}.Debug|x64.ActiveCfg = Debug|Any CPU
		{4E71F851-4D0D-47CB-A780-7D3C8FC88653}.Debug|x64.Build.0 = Debug|Any CPU
		{4E71F851-4D0D-47CB-A780-7D3C8FC88653}.Debug|x86.ActiveCfg = Debug|Any CPU
		{4E71F851-4D0D-47CB-A780-7D3C8FC88653}.Debug|x86.Build.0 = Debug|Any CPU
		{4E71F851-4D0D-47CB-A780-7D3C8FC88653}.Release|Any CPU.ActiveCfg = Release|Any CPU
		{4E71F851-4D0D-47CB-A780-7D3C8FC88653}.Release|Any CPU.Build.0 = Release|Any CPU
		{4E71F851-4D0D-47CB-A780-7D3C8FC88653}.Release|x64.ActiveCfg = Release|Any CPU
		{4E71F851-4D0D-47CB-A780-7D3C8FC88653}.Release|x64.Build.0 = Release|Any CPU
		{4E71F851-4D0D-47CB-A780-7D3C8FC88653}.Release|x86.ActiveCfg = Release|Any CPU
		{4E71F851-4D0D-47CB-A780-7D3C8FC88653}.Release|x86.Build.0 = Release|Any CPU
		{50A045B9-222A-4FF9-A6FB-32B8798C7EF2}.Debug|Any CPU.ActiveCfg = Debug|Any CPU
		{50A045B9-222A-4FF9-A6FB-32B8798C7EF2}.Debug|Any CPU.Build.0 = Debug|Any CPU
		{50A045B9-222A-4FF9-A6FB-32B8798C7EF2}.Debug|x64.ActiveCfg = Debug|Any CPU
		{50A045B9-222A-4FF9-A6FB-32B8798C7EF2}.Debug|x64.Build.0 = Debug|Any CPU
		{50A045B9-222A-4FF9-A6FB-32B8798C7EF2}.Debug|x86.ActiveCfg = Debug|Any CPU
		{50A045B9-222A-4FF9-A6FB-32B8798C7EF2}.Debug|x86.Build.0 = Debug|Any CPU
		{50A045B9-222A-4FF9-A6FB-32B8798C7EF2}.Release|Any CPU.ActiveCfg = Release|Any CPU
		{50A045B9-222A-4FF9-A6FB-32B8798C7EF2}.Release|Any CPU.Build.0 = Release|Any CPU
		{50A045B9-222A-4FF9-A6FB-32B8798C7EF2}.Release|x64.ActiveCfg = Release|Any CPU
		{50A045B9-222A-4FF9-A6FB-32B8798C7EF2}.Release|x64.Build.0 = Release|Any CPU
		{50A045B9-222A-4FF9-A6FB-32B8798C7EF2}.Release|x86.ActiveCfg = Release|Any CPU
		{50A045B9-222A-4FF9-A6FB-32B8798C7EF2}.Release|x86.Build.0 = Release|Any CPU
		{58D64695-476B-4326-A1AC-236470D1078A}.Debug|Any CPU.ActiveCfg = Debug|Any CPU
		{58D64695-476B-4326-A1AC-236470D1078A}.Debug|Any CPU.Build.0 = Debug|Any CPU
		{58D64695-476B-4326-A1AC-236470D1078A}.Debug|x64.ActiveCfg = Debug|Any CPU
		{58D64695-476B-4326-A1AC-236470D1078A}.Debug|x64.Build.0 = Debug|Any CPU
		{58D64695-476B-4326-A1AC-236470D1078A}.Debug|x86.ActiveCfg = Debug|Any CPU
		{58D64695-476B-4326-A1AC-236470D1078A}.Debug|x86.Build.0 = Debug|Any CPU
		{58D64695-476B-4326-A1AC-236470D1078A}.Release|Any CPU.ActiveCfg = Release|Any CPU
		{58D64695-476B-4326-A1AC-236470D1078A}.Release|Any CPU.Build.0 = Release|Any CPU
		{58D64695-476B-4326-A1AC-236470D1078A}.Release|x64.ActiveCfg = Release|Any CPU
		{58D64695-476B-4326-A1AC-236470D1078A}.Release|x64.Build.0 = Release|Any CPU
		{58D64695-476B-4326-A1AC-236470D1078A}.Release|x86.ActiveCfg = Release|Any CPU
		{58D64695-476B-4326-A1AC-236470D1078A}.Release|x86.Build.0 = Release|Any CPU
		{AD1F67BC-4927-4D56-8877-64A707B6FDFB}.Debug|Any CPU.ActiveCfg = Debug|Any CPU
		{AD1F67BC-4927-4D56-8877-64A707B6FDFB}.Debug|Any CPU.Build.0 = Debug|Any CPU
		{AD1F67BC-4927-4D56-8877-64A707B6FDFB}.Debug|x64.ActiveCfg = Debug|Any CPU
		{AD1F67BC-4927-4D56-8877-64A707B6FDFB}.Debug|x64.Build.0 = Debug|Any CPU
		{AD1F67BC-4927-4D56-8877-64A707B6FDFB}.Debug|x86.ActiveCfg = Debug|Any CPU
		{AD1F67BC-4927-4D56-8877-64A707B6FDFB}.Debug|x86.Build.0 = Debug|Any CPU
		{AD1F67BC-4927-4D56-8877-64A707B6FDFB}.Release|Any CPU.ActiveCfg = Release|Any CPU
		{AD1F67BC-4927-4D56-8877-64A707B6FDFB}.Release|Any CPU.Build.0 = Release|Any CPU
		{AD1F67BC-4927-4D56-8877-64A707B6FDFB}.Release|x64.ActiveCfg = Release|Any CPU
		{AD1F67BC-4927-4D56-8877-64A707B6FDFB}.Release|x64.Build.0 = Release|Any CPU
		{AD1F67BC-4927-4D56-8877-64A707B6FDFB}.Release|x86.ActiveCfg = Release|Any CPU
		{AD1F67BC-4927-4D56-8877-64A707B6FDFB}.Release|x86.Build.0 = Release|Any CPU
		{8EBB1237-96A3-4A00-8254-165A7B298311}.Debug|Any CPU.ActiveCfg = Debug|Any CPU
		{8EBB1237-96A3-4A00-8254-165A7B298311}.Debug|Any CPU.Build.0 = Debug|Any CPU
		{8EBB1237-96A3-4A00-8254-165A7B298311}.Debug|x64.ActiveCfg = Debug|Any CPU
		{8EBB1237-96A3-4A00-8254-165A7B298311}.Debug|x64.Build.0 = Debug|Any CPU
		{8EBB1237-96A3-4A00-8254-165A7B298311}.Debug|x86.ActiveCfg = Debug|Any CPU
		{8EBB1237-96A3-4A00-8254-165A7B298311}.Debug|x86.Build.0 = Debug|Any CPU
		{8EBB1237-96A3-4A00-8254-165A7B298311}.Release|Any CPU.ActiveCfg = Release|Any CPU
		{8EBB1237-96A3-4A00-8254-165A7B298311}.Release|Any CPU.Build.0 = Release|Any CPU
		{8EBB1237-96A3-4A00-8254-165A7B298311}.Release|x64.ActiveCfg = Release|Any CPU
		{8EBB1237-96A3-4A00-8254-165A7B298311}.Release|x64.Build.0 = Release|Any CPU
		{8EBB1237-96A3-4A00-8254-165A7B298311}.Release|x86.ActiveCfg = Release|Any CPU
		{8EBB1237-96A3-4A00-8254-165A7B298311}.Release|x86.Build.0 = Release|Any CPU
	EndGlobalSection
	GlobalSection(SolutionProperties) = preSolution
		HideSolutionNode = FALSE
	EndGlobalSection
	GlobalSection(NestedProjects) = preSolution
		{02DC310F-A588-4A80-A082-5742261BADB7} = {052C14C7-7C86-4570-A018-3D8465A53125}
		{9CDD8178-D695-44A7-B842-AE546450DBC8} = {052C14C7-7C86-4570-A018-3D8465A53125}
		{4E71F851-4D0D-47CB-A780-7D3C8FC88653} = {C229EDED-269F-4E39-B713-8612F9CDEF95}
		{50A045B9-222A-4FF9-A6FB-32B8798C7EF2} = {052C14C7-7C86-4570-A018-3D8465A53125}
		{58D64695-476B-4326-A1AC-236470D1078A} = {052C14C7-7C86-4570-A018-3D8465A53125}
		{AD1F67BC-4927-4D56-8877-64A707B6FDFB} = {D7D8B6D9-A62E-4D13-804B-90B32618E51E}
		{8EBB1237-96A3-4A00-8254-165A7B298311} = {C229EDED-269F-4E39-B713-8612F9CDEF95}
	EndGlobalSection
	GlobalSection(ExtensibilityGlobals) = postSolution
		SolutionGuid = {3519A946-6D15-4697-9982-3D717383DAFD}
	EndGlobalSection
EndGlobal
