
Microsoft Visual Studio Solution File, Format Version 12.00
# Visual Studio 15
VisualStudioVersion = 15.0.25928.0
MinimumVisualStudioVersion = 10.0.40219.1
Project("{2150E333-8FDC-42A3-9474-1A3956D46DE8}") = "src", "src", "{052C14C7-7C86-4570-A018-3D8465A53125}"
EndProject
Project("{2150E333-8FDC-42A3-9474-1A3956D46DE8}") = "Solution Items", "Solution Items", "{F9AA8942-C2E7-45E6-94E2-C3FED5CE02EB}"
	ProjectSection(SolutionItems) = preProject
		global.json = global.json
	EndProjectSection
EndProject
Project("{2150E333-8FDC-42A3-9474-1A3956D46DE8}") = "build", "build", "{329F7693-C8A1-4649-9117-1F90F7B1B56A}"
	ProjectSection(SolutionItems) = preProject
		build\psakefile.ps1 = build\psakefile.ps1
	EndProjectSection
EndProject
Project("{9A19103F-16F7-4668-BE54-9A1E7A4F7556}") = "prayzzz.Common", "src\prayzzz.Common\prayzzz.Common.csproj", "{02DC310F-A588-4A80-A082-5742261BADB7}"
EndProject
Project("{FAE04EC0-301F-11D3-BF4B-00C04F79EFBC}") = "prayzzz.Common.Mvc", "src\prayzzz.Common.Mvc\prayzzz.Common.Mvc.csproj", "{9CDD8178-D695-44A7-B842-AE546450DBC8}"
EndProject
Global
	GlobalSection(SolutionConfigurationPlatforms) = preSolution
		Debug|Any CPU = Debug|Any CPU
		Release|Any CPU = Release|Any CPU
	EndGlobalSection
	GlobalSection(ProjectConfigurationPlatforms) = postSolution
		{02DC310F-A588-4A80-A082-5742261BADB7}.Debug|Any CPU.ActiveCfg = Debug|Any CPU
		{02DC310F-A588-4A80-A082-5742261BADB7}.Debug|Any CPU.Build.0 = Debug|Any CPU
		{02DC310F-A588-4A80-A082-5742261BADB7}.Release|Any CPU.ActiveCfg = Release|Any CPU
		{02DC310F-A588-4A80-A082-5742261BADB7}.Release|Any CPU.Build.0 = Release|Any CPU
		{9CDD8178-D695-44A7-B842-AE546450DBC8}.Debug|Any CPU.ActiveCfg = Debug|Any CPU
		{9CDD8178-D695-44A7-B842-AE546450DBC8}.Debug|Any CPU.Build.0 = Debug|Any CPU
		{9CDD8178-D695-44A7-B842-AE546450DBC8}.Release|Any CPU.ActiveCfg = Release|Any CPU
		{9CDD8178-D695-44A7-B842-AE546450DBC8}.Release|Any CPU.Build.0 = Release|Any CPU
	EndGlobalSection
	GlobalSection(SolutionProperties) = preSolution
		HideSolutionNode = FALSE
	EndGlobalSection
	GlobalSection(NestedProjects) = preSolution
		{02DC310F-A588-4A80-A082-5742261BADB7} = {052C14C7-7C86-4570-A018-3D8465A53125}
		{9CDD8178-D695-44A7-B842-AE546450DBC8} = {052C14C7-7C86-4570-A018-3D8465A53125}
	EndGlobalSection
EndGlobal
